{
  "name": "multer",
  "version": "1.0.0",
  "lockfileVersion": 2,
  "requires": true,
  "packages": {
    "": {
      "name": "multer",
      "version": "1.0.0",
      "license": "ISC",
      "dependencies": {
        "@types/multer": "^1.4.7",
        "multer-s3": "^2.10.0"
      }
    },
    "node_modules/@types/body-parser": {
      "version": "1.19.2",
      "resolved": "https://registry.npmjs.org/@types/body-parser/-/body-parser-1.19.2.tgz",
      "integrity": "sha512-ALYone6pm6QmwZoAgeyNksccT9Q4AWZQ6PvfwR37GT6r6FWUPguq6sUmNGSMV2Wr761oQoBxwGGa6DR5o1DC9g==",
      "dependencies": {
        "@types/connect": "*",
        "@types/node": "*"
      }
    },
    "node_modules/@types/connect": {
      "version": "3.4.35",
      "resolved": "https://registry.npmjs.org/@types/connect/-/connect-3.4.35.tgz",
      "integrity": "sha512-cdeYyv4KWoEgpBISTxWvqYsVy444DOqehiF3fM3ne10AmJ62RSyNkUnxMJXHQWRQQX2eR94m5y1IZyDwBjV9FQ==",
      "dependencies": {
        "@types/node": "*"
      }
    },
    "node_modules/@types/express": {
      "version": "4.17.13",
      "resolved": "https://registry.npmjs.org/@types/express/-/express-4.17.13.tgz",
      "integrity": "sha512-6bSZTPaTIACxn48l50SR+axgrqm6qXFIxrdAKaG6PaJk3+zuUr35hBlgT7vOmJcum+OEaIBLtHV/qloEAFITeA==",
      "dependencies": {
        "@types/body-parser": "*",
        "@types/express-serve-static-core": "^4.17.18",
        "@types/qs": "*",
        "@types/serve-static": "*"
      }
    },
    "node_modules/@types/express-serve-static-core": {
      "version": "4.17.27",
      "resolved": "https://registry.npmjs.org/@types/express-serve-static-core/-/express-serve-static-core-4.17.27.tgz",
      "integrity": "sha512-e/sVallzUTPdyOTiqi8O8pMdBBphscvI6E4JYaKlja4Lm+zh7UFSSdW5VMkRbhDtmrONqOUHOXRguPsDckzxNA==",
      "dependencies": {
        "@types/node": "*",
        "@types/qs": "*",
        "@types/range-parser": "*"
      }
    },
    "node_modules/@types/mime": {
      "version": "1.3.2",
      "resolved": "https://registry.npmjs.org/@types/mime/-/mime-1.3.2.tgz",
      "integrity": "sha512-YATxVxgRqNH6nHEIsvg6k2Boc1JHI9ZbH5iWFFv/MTkchz3b1ieGDa5T0a9RznNdI0KhVbdbWSN+KWWrQZRxTw=="
    },
    "node_modules/@types/multer": {
      "version": "1.4.7",
      "resolved": "https://registry.npmjs.org/@types/multer/-/multer-1.4.7.tgz",
      "integrity": "sha512-/SNsDidUFCvqqcWDwxv2feww/yqhNeTRL5CVoL3jU4Goc4kKEL10T7Eye65ZqPNi4HRx8sAEX59pV1aEH7drNA==",
      "dependencies": {
        "@types/express": "*"
      }
    },
    "node_modules/@types/node": {
      "version": "17.0.7",
      "resolved": "https://registry.npmjs.org/@types/node/-/node-17.0.7.tgz",
      "integrity": "sha512-1QUk+WAUD4t8iR+Oj+UgI8oJa6yyxaB8a8pHaC8uqM6RrS1qbL7bf3Pwl5rHv0psm2CuDErgho6v5N+G+5fwtQ=="
    },
    "node_modules/@types/qs": {
      "version": "6.9.7",
      "resolved": "https://registry.npmjs.org/@types/qs/-/qs-6.9.7.tgz",
      "integrity": "sha512-FGa1F62FT09qcrueBA6qYTrJPVDzah9a+493+o2PCXsesWHIn27G98TsSMs3WPNbZIEj4+VJf6saSFpvD+3Zsw=="
    },
    "node_modules/@types/range-parser": {
      "version": "1.2.4",
      "resolved": "https://registry.npmjs.org/@types/range-parser/-/range-parser-1.2.4.tgz",
      "integrity": "sha512-EEhsLsD6UsDM1yFhAvy0Cjr6VwmpMWqFBCb9w07wVugF7w9nfajxLuVmngTIpgS6svCnm6Vaw+MZhoDCKnOfsw=="
    },
    "node_modules/@types/serve-static": {
      "version": "1.13.10",
      "resolved": "https://registry.npmjs.org/@types/serve-static/-/serve-static-1.13.10.tgz",
      "integrity": "sha512-nCkHGI4w7ZgAdNkrEu0bv+4xNV/XDqW+DydknebMOQwkpDGx8G+HTlj7R7ABI8i8nKxVw0wtKPi1D+lPOkh4YQ==",
      "dependencies": {
        "@types/mime": "^1",
        "@types/node": "*"
      }
    },
    "node_modules/file-type": {
      "version": "3.9.0",
      "resolved": "https://registry.npmjs.org/file-type/-/file-type-3.9.0.tgz",
      "integrity": "sha1-JXoHg4TR24CHvESdEH1SpSZyuek=",
      "engines": {
        "node": ">=0.10.0"
      }
    },
    "node_modules/html-comment-regex": {
      "version": "1.1.2",
      "resolved": "https://registry.npmjs.org/html-comment-regex/-/html-comment-regex-1.1.2.tgz",
      "integrity": "sha512-P+M65QY2JQ5Y0G9KKdlDpo0zK+/OHptU5AaBwUfAIDJZk1MYf32Frm84EcOytfJE0t5JvkAnKlmjsXDnWzCJmQ=="
    },
    "node_modules/multer-s3": {
      "version": "2.10.0",
      "resolved": "https://registry.npmjs.org/multer-s3/-/multer-s3-2.10.0.tgz",
      "integrity": "sha512-RZsiqG19C9gE82lB7v8duJ+TMIf70fWYHlIwuNcsanOH1ePBoPXZvboEQxEow9jUkk7WQsuyVA2TgriOuDrVrw==",
      "dependencies": {
        "file-type": "^3.3.0",
        "html-comment-regex": "^1.1.2",
        "run-parallel": "^1.1.6"
      }
    },
    "node_modules/queue-microtask": {
      "version": "1.2.3",
      "resolved": "https://registry.npmjs.org/queue-microtask/-/queue-microtask-1.2.3.tgz",
      "integrity": "sha512-NuaNSa6flKT5JaSYQzJok04JzTL1CA6aGhv5rfLW3PgqA+M2ChpZQnAC8h8i4ZFkBS8X5RqkDBHA7r4hej3K9A==",
      "funding": [
        {
          "type": "github",
          "url": "https://github.com/sponsors/feross"
        },
        {
          "type": "patreon",
          "url": "https://www.patreon.com/feross"
        },
        {
          "type": "consulting",
          "url": "https://feross.org/support"
        }
      ]
    },
    "node_modules/run-parallel": {
      "version": "1.2.0",
      "resolved": "https://registry.npmjs.org/run-parallel/-/run-parallel-1.2.0.tgz",
      "integrity": "sha512-5l4VyZR86LZ/lDxZTR6jqL8AFE2S0IFLMP26AbjsLVADxHdhB/c0GUsH+y39UfCi3dzz8OlQuPmnaJOMoDHQBA==",
      "funding": [
        {
          "type": "github",
          "url": "https://github.com/sponsors/feross"
        },
        {
          "type": "patreon",
          "url": "https://www.patreon.com/feross"
        },
        {
          "type": "consulting",
          "url": "https://feross.org/support"
        }
      ],
      "dependencies": {
        "queue-microtask": "^1.2.2"
      }
    }
  },
  "dependencies": {
    "@types/body-parser": {
      "version": "1.19.2",
      "resolved": "https://registry.npmjs.org/@types/body-parser/-/body-parser-1.19.2.tgz",
      "integrity": "sha512-ALYone6pm6QmwZoAgeyNksccT9Q4AWZQ6PvfwR37GT6r6FWUPguq6sUmNGSMV2Wr761oQoBxwGGa6DR5o1DC9g==",
      "requires": {
        "@types/connect": "*",
        "@types/node": "*"
      }
    },
    "@types/connect": {
      "version": "3.4.35",
      "resolved": "https://registry.npmjs.org/@types/connect/-/connect-3.4.35.tgz",
      "integrity": "sha512-cdeYyv4KWoEgpBISTxWvqYsVy444DOqehiF3fM3ne10AmJ62RSyNkUnxMJXHQWRQQX2eR94m5y1IZyDwBjV9FQ==",
      "requires": {
        "@types/node": "*"
      }
    },
    "@types/express": {
      "version": "4.17.13",
      "resolved": "https://registry.npmjs.org/@types/express/-/express-4.17.13.tgz",
      "integrity": "sha512-6bSZTPaTIACxn48l50SR+axgrqm6qXFIxrdAKaG6PaJk3+zuUr35hBlgT7vOmJcum+OEaIBLtHV/qloEAFITeA==",
      "requires": {
        "@types/body-parser": "*",
        "@types/express-serve-static-core": "^4.17.18",
        "@types/qs": "*",
        "@types/serve-static": "*"
      }
    },
    "@types/express-serve-static-core": {
      "version": "4.17.27",
      "resolved": "https://registry.npmjs.org/@types/express-serve-static-core/-/express-serve-static-core-4.17.27.tgz",
      "integrity": "sha512-e/sVallzUTPdyOTiqi8O8pMdBBphscvI6E4JYaKlja4Lm+zh7UFSSdW5VMkRbhDtmrONqOUHOXRguPsDckzxNA==",
      "requires": {
        "@types/node": "*",
        "@types/qs": "*",
        "@types/range-parser": "*"
      }
    },
    "@types/mime": {
      "version": "1.3.2",
      "resolved": "https://registry.npmjs.org/@types/mime/-/mime-1.3.2.tgz",
      "integrity": "sha512-YATxVxgRqNH6nHEIsvg6k2Boc1JHI9ZbH5iWFFv/MTkchz3b1ieGDa5T0a9RznNdI0KhVbdbWSN+KWWrQZRxTw=="
    },
    "@types/multer": {
      "version": "1.4.7",
      "resolved": "https://registry.npmjs.org/@types/multer/-/multer-1.4.7.tgz",
      "integrity": "sha512-/SNsDidUFCvqqcWDwxv2feww/yqhNeTRL5CVoL3jU4Goc4kKEL10T7Eye65ZqPNi4HRx8sAEX59pV1aEH7drNA==",
      "requires": {
        "@types/express": "*"
      }
    },
    "@types/node": {
      "version": "17.0.7",
      "resolved": "https://registry.npmjs.org/@types/node/-/node-17.0.7.tgz",
      "integrity": "sha512-1QUk+WAUD4t8iR+Oj+UgI8oJa6yyxaB8a8pHaC8uqM6RrS1qbL7bf3Pwl5rHv0psm2CuDErgho6v5N+G+5fwtQ=="
    },
    "@types/qs": {
      "version": "6.9.7",
      "resolved": "https://registry.npmjs.org/@types/qs/-/qs-6.9.7.tgz",
      "integrity": "sha512-FGa1F62FT09qcrueBA6qYTrJPVDzah9a+493+o2PCXsesWHIn27G98TsSMs3WPNbZIEj4+VJf6saSFpvD+3Zsw=="
    },
    "@types/range-parser": {
      "version": "1.2.4",
      "resolved": "https://registry.npmjs.org/@types/range-parser/-/range-parser-1.2.4.tgz",
      "integrity": "sha512-EEhsLsD6UsDM1yFhAvy0Cjr6VwmpMWqFBCb9w07wVugF7w9nfajxLuVmngTIpgS6svCnm6Vaw+MZhoDCKnOfsw=="
    },
    "@types/serve-static": {
      "version": "1.13.10",
      "resolved": "https://registry.npmjs.org/@types/serve-static/-/serve-static-1.13.10.tgz",
      "integrity": "sha512-nCkHGI4w7ZgAdNkrEu0bv+4xNV/XDqW+DydknebMOQwkpDGx8G+HTlj7R7ABI8i8nKxVw0wtKPi1D+lPOkh4YQ==",
      "requires": {
        "@types/mime": "^1",
        "@types/node": "*"
      }
    },
    "file-type": {
      "version": "3.9.0",
      "resolved": "https://registry.npmjs.org/file-type/-/file-type-3.9.0.tgz",
      "integrity": "sha1-JXoHg4TR24CHvESdEH1SpSZyuek="
    },
    "html-comment-regex": {
      "version": "1.1.2",
      "resolved": "https://registry.npmjs.org/html-comment-regex/-/html-comment-regex-1.1.2.tgz",
      "integrity": "sha512-P+M65QY2JQ5Y0G9KKdlDpo0zK+/OHptU5AaBwUfAIDJZk1MYf32Frm84EcOytfJE0t5JvkAnKlmjsXDnWzCJmQ=="
    },
    "multer-s3": {
      "version": "2.10.0",
      "resolved": "https://registry.npmjs.org/multer-s3/-/multer-s3-2.10.0.tgz",
      "integrity": "sha512-RZsiqG19C9gE82lB7v8duJ+TMIf70fWYHlIwuNcsanOH1ePBoPXZvboEQxEow9jUkk7WQsuyVA2TgriOuDrVrw==",
      "requires": {
        "file-type": "^3.3.0",
        "html-comment-regex": "^1.1.2",
        "run-parallel": "^1.1.6"
      }
    },
    "queue-microtask": {
      "version": "1.2.3",
      "resolved": "https://registry.npmjs.org/queue-microtask/-/queue-microtask-1.2.3.tgz",
      "integrity": "sha512-NuaNSa6flKT5JaSYQzJok04JzTL1CA6aGhv5rfLW3PgqA+M2ChpZQnAC8h8i4ZFkBS8X5RqkDBHA7r4hej3K9A=="
    },
    "run-parallel": {
      "version": "1.2.0",
      "resolved": "https://registry.npmjs.org/run-parallel/-/run-parallel-1.2.0.tgz",
      "integrity": "sha512-5l4VyZR86LZ/lDxZTR6jqL8AFE2S0IFLMP26AbjsLVADxHdhB/c0GUsH+y39UfCi3dzz8OlQuPmnaJOMoDHQBA==",
      "requires": {
        "queue-microtask": "^1.2.2"
      }
    }
  }
}
